{
  "name": "space-data-network-plugin-licensing",
  "version": "0.1.0",
  "lockfileVersion": 3,
  "requires": true,
  "packages": {
    "": {
      "name": "space-data-network-plugin-licensing",
      "version": "0.1.0",
      "devDependencies": {
        "flatbuffers": "^25.9.23",
        "flatc-wasm": "^26.1.29",
        "space-data-module-sdk": "file:../../../space-data-module-sdk",
        "spacedatastandards.org": "file:../../../spacedatastandards.org"
      }
    },
    "../../../space-data-module-sdk": {
      "version": "0.8.1",
      "dev": true,
      "dependencies": {
        "flatbuffers": "^25.9.23",
        "flatc-wasm": "25.12.19-wasm.43",
        "flatsql": "^0.4.0",
        "hd-wallet-wasm": "1.6.0",
        "sdn-emception": "1.0.0",
        "spacedatastandards.org": "^1.92.0"
      },
      "bin": {
        "space-data-module": "bin/space-data-module.js"
      },
      "devDependencies": {
        "express": "^4.21.2"
      },
      "engines": {
        "node": ">=20.0.0"
      }
    },
    "../../../spacedatastandards.org": {
      "version": "1.93.0+1776999569124",
      "dev": true,
      "license": "Apache-2.0",
      "dependencies": {
        "@huggingface/transformers": "^3.8.1",
        "ajv": "^8.12.0",
        "buffer": "^6.0.3",
        "esbuild": "^0.20.2",
        "flatbuffers": "^25.9.23",
        "flatc-wasm": "25.12.19-wasm.43",
        "flatsql": "^0.3.9",
        "hd-wallet-ui": "^1.2.6",
        "hd-wallet-wasm": "^1.2.6",
        "sdn-emception": "1.0.0"
      },
      "devDependencies": {
        "@faker-js/faker": "^8.4.1",
        "chai": "^5.1.1",
        "husky": "^9.1.7",
        "mocha": "^10.4.0",
        "pure-ipfs-only-hash": "^4.0.2",
        "typescript": "^5.2.2"
      },
      "funding": {
        "type": "corporate",
        "url": "https://github.com/DigitalArsenal/spacedatastandards.org/FUNDING.md"
      }
    },
    "node_modules/flatbuffers": {
      "version": "25.9.23",
      "resolved": "https://registry.npmjs.org/flatbuffers/-/flatbuffers-25.9.23.tgz",
      "integrity": "sha512-MI1qs7Lo4Syw0EOzUl0xjs2lsoeqFku44KpngfIduHBYvzm8h2+7K8YMQh1JtVVVrUvhLpNwqVi4DERegUJhPQ==",
      "dev": true,
      "license": "Apache-2.0"
    },
    "node_modules/flatc-wasm": {
      "version": "26.1.29",
      "resolved": "https://registry.npmjs.org/flatc-wasm/-/flatc-wasm-26.1.29.tgz",
      "integrity": "sha512-r/WWlXnhN7EhGQcEt8mDiDlDoBUNMFWXlL64Yh+dcqmkEPAdkysrTOxnKxuL/nWHzGvoZC3lpmPnToU4V/1P5A==",
      "dev": true,
      "license": "Apache-2.0",
      "dependencies": {
        "hd-wallet-wasm": "^1.2.6"
      },
      "engines": {
        "node": ">=18.0.0"
      }
    },
    "node_modules/hd-wallet-wasm": {
      "version": "1.6.0",
      "resolved": "https://registry.npmjs.org/hd-wallet-wasm/-/hd-wallet-wasm-1.6.0.tgz",
      "integrity": "sha512-yV5q0iI7b1fDhqUOb0VQHx8wvqJqQRP0Gh3MApo1U17aFjOD4yuejVnnS2b65/93wWHjexmKxLUrWCxL/gPcdQ==",
      "dev": true,
      "license": "Apache-2.0",
      "engines": {
        "node": ">=18.0.0"
      }
    },
    "node_modules/space-data-module-sdk": {
      "resolved": "../../../space-data-module-sdk",
      "link": true
    },
    "node_modules/spacedatastandards.org": {
      "resolved": "../../../spacedatastandards.org",
      "link": true
    }
  }
}
