{
  "name": "space-data-network-plugin-licensing",
  "version": "0.1.0",
  "lockfileVersion": 3,
  "requires": true,
  "packages": {
    "": {
      "name": "space-data-network-plugin-licensing",
      "version": "0.1.0",
      "devDependencies": {
        "flatbuffers": "^25.9.23",
        "flatc-wasm": "^26.1.32",
        "space-data-module-sdk": "file:../../../../ancillary-packages/space-data-module-sdk",
        "spacedatastandards.org": "file:../../../spacedatastandards.org"
      }
    },
    "../../../../ancillary-packages/space-data-module-sdk": {
      "version": "0.8.4",
      "dev": true,
      "dependencies": {
        "flatbuffers": "^25.9.23",
        "flatc-wasm": "^26.1.32",
        "flatsql": "^0.4.2",
        "hd-wallet-wasm": "^2.0.6",
        "sdn-emception": "1.0.0",
        "spacedatastandards.org": "https://github.com/DigitalArsenal/spacedatastandards.org/archive/47d29a67abc6647859c5b03ec806e0a138a93fd7.tar.gz"
      },
      "bin": {
        "space-data-module": "bin/space-data-module.js"
      },
      "devDependencies": {
        "express": "^4.21.2"
      },
      "engines": {
        "node": ">=20.0.0"
      }
    },
    "../../../spacedatastandards.org": {
      "version": "1.134.0+1782758999299",
      "dev": true,
      "license": "Apache-2.0",
      "dependencies": {
        "buffer": "^6.0.3",
        "flatbuffers": "^25.9.23",
        "hd-wallet-wasm": "^2.0.4"
      },
      "devDependencies": {
        "@faker-js/faker": "^8.4.1",
        "@huggingface/transformers": "^3.8.1",
        "ajv": "^8.12.0",
        "chai": "^5.1.1",
        "esbuild": "^0.20.2",
        "flatc-wasm": "^26.1.32",
        "flatsql": "^0.4.2",
        "husky": "^9.1.7",
        "mocha": "^10.4.0",
        "pure-ipfs-only-hash": "^4.0.2",
        "sdn-emception": "1.0.0",
        "typescript": "^5.2.2"
      },
      "funding": {
        "type": "corporate",
        "url": "https://github.com/DigitalArsenal/spacedatastandards.org/FUNDING.md"
      }
    },
    "node_modules/flatbuffers": {
      "version": "25.9.23",
      "resolved": "https://registry.npmjs.org/flatbuffers/-/flatbuffers-25.9.23.tgz",
      "integrity": "sha512-MI1qs7Lo4Syw0EOzUl0xjs2lsoeqFku44KpngfIduHBYvzm8h2+7K8YMQh1JtVVVrUvhLpNwqVi4DERegUJhPQ==",
      "dev": true,
      "license": "Apache-2.0"
    },
    "node_modules/flatc-wasm": {
      "version": "26.1.32",
      "resolved": "https://registry.npmjs.org/flatc-wasm/-/flatc-wasm-26.1.32.tgz",
      "integrity": "sha512-G6Qm68BKnsy/h6zliZeLHFhWdzB/rjG+E2pfjFmLwhmhAw0A8DlHefuRl5fy4xdwW+odcS9aLPSN0N6kBniOPw==",
      "dev": true,
      "license": "Apache-2.0",
      "dependencies": {
        "hd-wallet-wasm": "^2.0.4"
      },
      "engines": {
        "node": ">=18.0.0"
      }
    },
    "node_modules/hd-wallet-wasm": {
      "version": "2.0.6",
      "resolved": "https://registry.npmjs.org/hd-wallet-wasm/-/hd-wallet-wasm-2.0.6.tgz",
      "integrity": "sha512-vz67KeevsFMeCPiRVO2KZvPAuFXG1xSVPEzBgMRdVQMfaOB6sRVwoSU8R/c2qF4+hKtpEgiY+Dlq4DLEAskq3g==",
      "dev": true,
      "license": "Apache-2.0",
      "dependencies": {
        "flatbuffers": "^25.2.10"
      },
      "engines": {
        "node": ">=18.0.0"
      }
    },
    "node_modules/space-data-module-sdk": {
      "resolved": "../../../../ancillary-packages/space-data-module-sdk",
      "link": true
    },
    "node_modules/spacedatastandards.org": {
      "resolved": "../../../spacedatastandards.org",
      "link": true
    }
  }
}
