{
  "name": "@digitalarsenal/sdn-module-basilisk-runtime",
  "version": "0.1.0",
  "lockfileVersion": 3,
  "requires": true,
  "packages": {
    "": {
      "name": "@digitalarsenal/sdn-module-basilisk-runtime",
      "version": "0.1.0",
      "dependencies": {
        "space-data-module-sdk": "file:../../../space-data-module-sdk"
      }
    },
    "../../../space-data-module-sdk": {
      "version": "0.8.4",
      "dependencies": {
        "flatbuffers": "^25.9.23",
        "flatc-wasm": "^26.1.32",
        "flatsql": "^0.4.2",
        "hd-wallet-wasm": "^2.0.6",
        "sdn-emception": "1.0.0",
        "spacedatastandards.org": "^1.93.3"
      },
      "bin": {
        "space-data-module": "bin/space-data-module.js"
      },
      "devDependencies": {
        "express": "^4.21.2"
      },
      "engines": {
        "node": ">=20.0.0"
      }
    },
    "node_modules/space-data-module-sdk": {
      "resolved": "../../../space-data-module-sdk",
      "link": true
    }
  }
}
