{
  "name": "@digitalarsenal/sdn-flow-cellular-network-aggregate",
  "version": "0.2.0",
  "lockfileVersion": 3,
  "requires": true,
  "packages": {
    "": {
      "name": "@digitalarsenal/sdn-flow-cellular-network-aggregate",
      "version": "0.2.0",
      "devDependencies": {
        "space-data-module-sdk": "file:../../../../ancillary-packages/space-data-module-sdk"
      }
    },
    "../../../../ancillary-packages/space-data-module-sdk": {
      "version": "0.8.15",
      "dev": true,
      "license": "Apache-2.0",
      "dependencies": {
        "flatbuffers": "^25.9.23",
        "flatc-wasm": "^26.1.32",
        "flatsql": "^2.0.0",
        "hd-wallet-wasm": "2.0.28",
        "sdn-emception": "1.0.0",
        "spacedatastandards.org": "https://github.com/DigitalArsenal/spacedatastandards.org/archive/06deda5079204a46bd97a7ce6ac2868e991c6b8f.tar.gz"
      },
      "bin": {
        "space-data-module": "bin/space-data-module.js"
      },
      "devDependencies": {
        "esbuild": "^0.28.0",
        "express": "^4.21.2"
      },
      "engines": {
        "node": ">=20.0.0"
      }
    },
    "node_modules/space-data-module-sdk": {
      "resolved": "../../../../ancillary-packages/space-data-module-sdk",
      "link": true
    }
  }
}
