{
  "name": "@orbpro/plugin-hpop",
  "version": "1.0.0",
  "lockfileVersion": 3,
  "requires": true,
  "packages": {
    "": {
      "name": "@orbpro/plugin-hpop",
      "version": "1.0.0",
      "license": "UNLICENSED",
      "devDependencies": {
        "flatbuffers": "^25.9.23",
        "flatc-wasm": "^26.1.32",
        "space-data-module-sdk": "file:../../../../ancillary-packages/space-data-module-sdk",
        "spacedatastandards.org": "^1.190.0"
      }
    },
    "../../../../ancillary-packages/space-data-module-sdk": {
      "version": "0.8.15",
      "dev": true,
      "license": "Apache-2.0",
      "dependencies": {
        "flatbuffers": "^25.9.23",
        "flatc-wasm": "^26.1.32",
        "flatsql": "^2.0.0",
        "hd-wallet-wasm": "2.0.28",
        "sdn-emception": "1.0.0",
        "spacedatastandards.org": "https://github.com/DigitalArsenal/spacedatastandards.org/archive/06deda5079204a46bd97a7ce6ac2868e991c6b8f.tar.gz"
      },
      "bin": {
        "space-data-module": "bin/space-data-module.js"
      },
      "devDependencies": {
        "esbuild": "^0.28.0",
        "express": "^4.21.2"
      },
      "engines": {
        "node": ">=20.0.0"
      }
    },
    "node_modules/base64-js": {
      "version": "1.5.1",
      "resolved": "https://registry.npmjs.org/base64-js/-/base64-js-1.5.1.tgz",
      "integrity": "sha512-AKpaYlHn8t4SVbOHCy+b5+KKgvR4vrsD8vbvrbiQJps7fKDTkjkDry6ji0rUJjC0kzbNePLwzxq8iypo41qeWA==",
      "dev": true,
      "funding": [
        {
          "type": "github",
          "url": "https://github.com/sponsors/feross"
        },
        {
          "type": "patreon",
          "url": "https://www.patreon.com/feross"
        },
        {
          "type": "consulting",
          "url": "https://feross.org/support"
        }
      ],
      "license": "MIT"
    },
    "node_modules/buffer": {
      "version": "6.0.3",
      "resolved": "https://registry.npmjs.org/buffer/-/buffer-6.0.3.tgz",
      "integrity": "sha512-FTiCpNxtwiZZHEZbcbTIcZjERVICn9yq/pDFkTl95/AxzD1naBctN7YO68riM/gLSDY7sdrMby8hofADYuuqOA==",
      "dev": true,
      "funding": [
        {
          "type": "github",
          "url": "https://github.com/sponsors/feross"
        },
        {
          "type": "patreon",
          "url": "https://www.patreon.com/feross"
        },
        {
          "type": "consulting",
          "url": "https://feross.org/support"
        }
      ],
      "license": "MIT",
      "dependencies": {
        "base64-js": "^1.3.1",
        "ieee754": "^1.2.1"
      }
    },
    "node_modules/flatbuffers": {
      "version": "25.9.23",
      "resolved": "https://registry.npmjs.org/flatbuffers/-/flatbuffers-25.9.23.tgz",
      "integrity": "sha512-MI1qs7Lo4Syw0EOzUl0xjs2lsoeqFku44KpngfIduHBYvzm8h2+7K8YMQh1JtVVVrUvhLpNwqVi4DERegUJhPQ==",
      "dev": true,
      "license": "Apache-2.0"
    },
    "node_modules/flatc-wasm": {
      "version": "26.1.32",
      "resolved": "https://registry.npmjs.org/flatc-wasm/-/flatc-wasm-26.1.32.tgz",
      "integrity": "sha512-G6Qm68BKnsy/h6zliZeLHFhWdzB/rjG+E2pfjFmLwhmhAw0A8DlHefuRl5fy4xdwW+odcS9aLPSN0N6kBniOPw==",
      "dev": true,
      "license": "Apache-2.0",
      "dependencies": {
        "hd-wallet-wasm": "^2.0.4"
      },
      "engines": {
        "node": ">=18.0.0"
      }
    },
    "node_modules/hd-wallet-wasm": {
      "version": "2.0.28",
      "resolved": "https://registry.npmjs.org/hd-wallet-wasm/-/hd-wallet-wasm-2.0.28.tgz",
      "integrity": "sha512-+vXg7g5J7p1JM6tLZdEvlJEhlacmvJrlIH1khersUjI7HrGaFdpX11rxR2jYES+Zp1+DeknioU+s8jzstynacA==",
      "dev": true,
      "license": "Apache-2.0",
      "dependencies": {
        "flatbuffers": "25.9.23"
      },
      "engines": {
        "node": ">=18.0.0"
      }
    },
    "node_modules/ieee754": {
      "version": "1.2.1",
      "resolved": "https://registry.npmjs.org/ieee754/-/ieee754-1.2.1.tgz",
      "integrity": "sha512-dcyqhDvX1C46lXZcVqCpK+FtMRQVdIMN6/Df5js2zouUsqG7I6sFxitIC+7KYK29KdXOLHdu9zL4sFnoVQnqaA==",
      "dev": true,
      "funding": [
        {
          "type": "github",
          "url": "https://github.com/sponsors/feross"
        },
        {
          "type": "patreon",
          "url": "https://www.patreon.com/feross"
        },
        {
          "type": "consulting",
          "url": "https://feross.org/support"
        }
      ],
      "license": "BSD-3-Clause"
    },
    "node_modules/space-data-module-sdk": {
      "resolved": "../../../../ancillary-packages/space-data-module-sdk",
      "link": true
    },
    "node_modules/spacedatastandards.org": {
      "version": "1.190.0",
      "resolved": "https://registry.npmjs.org/spacedatastandards.org/-/spacedatastandards.org-1.190.0.tgz",
      "integrity": "sha512-0C0ggx7+9iVUpvjXXegzw8u151Tp+ZuLf4bQ/qhO42r/T2F7JPKnZWTjDmevZUCykPdzaq/W466usNqRhpRHjQ==",
      "dev": true,
      "license": "Apache-2.0",
      "dependencies": {
        "buffer": "^6.0.3",
        "flatbuffers": "^25.9.23",
        "hd-wallet-wasm": "2.0.28"
      },
      "funding": {
        "type": "corporate",
        "url": "https://github.com/DigitalArsenal/spacedatastandards.org/FUNDING.md"
      }
    }
  }
}
