{
  "name": "@digitalarsenal/sdn-module-foundation-math-bspline",
  "version": "0.1.0",
  "lockfileVersion": 3,
  "requires": true,
  "packages": {
    "": {
      "name": "@digitalarsenal/sdn-module-foundation-math-bspline",
      "version": "0.1.0",
      "devDependencies": {
        "space-data-module-sdk": "file:../../../../ancillary-packages/space-data-module-sdk"
      }
    },
    "../../../../ancillary-packages/space-data-module-sdk": {
      "version": "0.8.4",
      "dev": true,
      "dependencies": {
        "flatbuffers": "^25.9.23",
        "flatc-wasm": "^26.1.32",
        "flatsql": "^0.4.2",
        "hd-wallet-wasm": "^2.0.6",
        "sdn-emception": "1.0.0",
        "spacedatastandards.org": "https://github.com/DigitalArsenal/spacedatastandards.org/archive/75d450919698ca5c33fbd5a34b118e29392736dd.tar.gz"
      },
      "bin": {
        "space-data-module": "bin/space-data-module.js"
      },
      "devDependencies": {
        "express": "^4.21.2"
      },
      "engines": {
        "node": ">=20.0.0"
      }
    },
    "node_modules/space-data-module-sdk": {
      "resolved": "../../../../ancillary-packages/space-data-module-sdk",
      "link": true
    }
  }
}
